PODS:
  - Kingfisher (7.9.1)
  - SwiftLint (0.54.0)
  - TOCropViewController (2.6.1)

DEPENDENCIES:
  - Kingfisher
  - SwiftLint
  - TOCropViewController

SPEC REPOS:
  trunk:
    - Kingfisher
    - SwiftLint
    - TOCropViewController

SPEC CHECKSUMS:
  Kingfisher: 1d14e9f59cbe19389f591c929000332bf70efd32
  SwiftLint: c1de071d9d08c8aba837545f6254315bc900e211
  TOCropViewController: edfd4f25713d56905ad1e0b9f5be3fbe0f59c863

PODFILE CHECKSUM: 50b6a035ca9cca9467ca363681f49a5c511097d5

COCOAPODS: 1.13.0
