// !$*UTF8*$!
{
	archiveVersion = 1;
	classes = {
	};
	objectVersion = 56;
	objects = {

/* Begin PBXBuildFile section */
		3A644884968E29967AD43A1D /* Pods_SOMEME.framework in Frameworks */ = {isa = PBXBuildFile; fileRef = 8E645B95306CE52706BF4A31 /* Pods_SOMEME.framework */; };
		A22BE3402B05E6AD0098B6A9 /* AppDelegate.swift in Sources */ = {isa = PBXBuildFile; fileRef = A22BE33F2B05E6AD0098B6A9 /* AppDelegate.swift */; };
		A22BE3422B05E6AD0098B6A9 /* SceneDelegate.swift in Sources */ = {isa = PBXBuildFile; fileRef = A22BE3412B05E6AD0098B6A9 /* SceneDelegate.swift */; };
		A22BE34A2B05E6AD0098B6A9 /* SOMEME.xcdatamodeld in Sources */ = {isa = PBXBuildFile; fileRef = A22BE3482B05E6AD0098B6A9 /* SOMEME.xcdatamodeld */; };
		A22BE3582B05EEDE0098B6A9 /* PhotoEditViewController.swift in Sources */ = {isa = PBXBuildFile; fileRef = A22BE3572B05EEDE0098B6A9 /* PhotoEditViewController.swift */; };
		A22BE35D2B0601800098B6A9 /* EditingViewController.swift in Sources */ = {isa = PBXBuildFile; fileRef = A22BE35C2B0601800098B6A9 /* EditingViewController.swift */; };
		A22BE35F2B0610450098B6A9 /* MemeLoadStruct.swift in Sources */ = {isa = PBXBuildFile; fileRef = A22BE35E2B0610450098B6A9 /* MemeLoadStruct.swift */; };
		A22BE3612B06117E0098B6A9 /* EditingCollectionViewCell.swift in Sources */ = {isa = PBXBuildFile; fileRef = A22BE3602B06117E0098B6A9 /* EditingCollectionViewCell.swift */; };
		A23953392B158CE900E57326 /* SearchManager.swift in Sources */ = {isa = PBXBuildFile; fileRef = A23953382B158CE900E57326 /* SearchManager.swift */; };
		A24366B72B1498BF00FED5DD /* SearchCollectionViewCell.swift in Sources */ = {isa = PBXBuildFile; fileRef = A24366B62B1498BF00FED5DD /* SearchCollectionViewCell.swift */; };
		A24443C92B18613C00A5B56D /* DoodleView.swift in Sources */ = {isa = PBXBuildFile; fileRef = A24443C82B18613C00A5B56D /* DoodleView.swift */; };
		A24443CB2B19C43300A5B56D /* RemoveBGManager.swift in Sources */ = {isa = PBXBuildFile; fileRef = A24443CA2B19C43300A5B56D /* RemoveBGManager.swift */; };
		A24443CD2B1C874700A5B56D /* DeepLabV3.mlmodel in Sources */ = {isa = PBXBuildFile; fileRef = A24443CC2B1C874700A5B56D /* DeepLabV3.mlmodel */; };
		A255101D2B1D981E00653960 /* Main.storyboard in Sources */ = {isa = PBXBuildFile; fileRef = A22BE3452B05E6AD0098B6A9 /* Main.storyboard */; };
		A255109B2B1DA84300653960 /* Array+Extensions.swift in Sources */ = {isa = PBXBuildFile; fileRef = A255108A2B1DA84300653960 /* Array+Extensions.swift */; };
		A255109C2B1DA84300653960 /* Math.swift in Sources */ = {isa = PBXBuildFile; fileRef = A255108B2B1DA84300653960 /* Math.swift */; };
		A255109D2B1DA84300653960 /* UIImage+CVPixelBuffer.swift in Sources */ = {isa = PBXBuildFile; fileRef = A255108C2B1DA84300653960 /* UIImage+CVPixelBuffer.swift */; };
		A255109E2B1DA84300653960 /* Predictions.swift in Sources */ = {isa = PBXBuildFile; fileRef = A255108D2B1DA84300653960 /* Predictions.swift */; };
		A255109F2B1DA84300653960 /* UIImage+Extensions.swift in Sources */ = {isa = PBXBuildFile; fileRef = A255108E2B1DA84300653960 /* UIImage+Extensions.swift */; };
		A25510A02B1DA84300653960 /* CGImagePropertyOrientation.swift in Sources */ = {isa = PBXBuildFile; fileRef = A255108F2B1DA84300653960 /* CGImagePropertyOrientation.swift */; };
		A25510A12B1DA84300653960 /* UIImage+RawBytes.swift in Sources */ = {isa = PBXBuildFile; fileRef = A25510902B1DA84300653960 /* UIImage+RawBytes.swift */; };
		A25510A22B1DA84300653960 /* MLMultiArray+Helpers.swift in Sources */ = {isa = PBXBuildFile; fileRef = A25510912B1DA84300653960 /* MLMultiArray+Helpers.swift */; };
		A25510A32B1DA84300653960 /* MLModel+Images.swift in Sources */ = {isa = PBXBuildFile; fileRef = A25510922B1DA84300653960 /* MLModel+Images.swift */; };
		A25510A42B1DA84300653960 /* CoreML+Combine.swift in Sources */ = {isa = PBXBuildFile; fileRef = A25510932B1DA84300653960 /* CoreML+Combine.swift */; };
		A25510A52B1DA84300653960 /* CVPixelBuffer+Create.swift in Sources */ = {isa = PBXBuildFile; fileRef = A25510942B1DA84300653960 /* CVPixelBuffer+Create.swift */; };
		A25510A62B1DA84300653960 /* CGImage+CVPixelBuffer.swift in Sources */ = {isa = PBXBuildFile; fileRef = A25510952B1DA84300653960 /* CGImage+CVPixelBuffer.swift */; };
		A25510A72B1DA84300653960 /* NonMaxSuppression.swift in Sources */ = {isa = PBXBuildFile; fileRef = A25510962B1DA84300653960 /* NonMaxSuppression.swift */; };
		A25510A82B1DA84300653960 /* CGImage+RawBytes.swift in Sources */ = {isa = PBXBuildFile; fileRef = A25510972B1DA84300653960 /* CGImage+RawBytes.swift */; };
		A25510A92B1DA84300653960 /* MLMultiArray+Image.swift in Sources */ = {isa = PBXBuildFile; fileRef = A25510982B1DA84300653960 /* MLMultiArray+Image.swift */; };
		A25510AA2B1DA84300653960 /* CVPixelBuffer+Resize.swift in Sources */ = {isa = PBXBuildFile; fileRef = A25510992B1DA84300653960 /* CVPixelBuffer+Resize.swift */; };
		A25510AB2B1DA84300653960 /* CVPixelBuffer+Rotate.swift in Sources */ = {isa = PBXBuildFile; fileRef = A255109A2B1DA84300653960 /* CVPixelBuffer+Rotate.swift */; };
		A25510AD2B1DAE4900653960 /* MaterialCreaterViewController.swift in Sources */ = {isa = PBXBuildFile; fileRef = A25510AC2B1DAE4900653960 /* MaterialCreaterViewController.swift */; };
		A25510AE2B1DC57900653960 /* Assets.xcassets in Sources */ = {isa = PBXBuildFile; fileRef = A22BE34B2B05E6AE0098B6A9 /* Assets.xcassets */; };
		A25510AF2B1DC5E100653960 /* Mamelon.otf in Sources */ = {isa = PBXBuildFile; fileRef = A22BE3592B05EF360098B6A9 /* Mamelon.otf */; };
		A25510B02B1DC64800653960 /* LaunchScreen.storyboard in Sources */ = {isa = PBXBuildFile; fileRef = A22BE34D2B05E6AE0098B6A9 /* LaunchScreen.storyboard */; };
		A25510B42B1DCF3200653960 /* GoogleService-Info.plist in Sources */ = {isa = PBXBuildFile; fileRef = A25510B32B1DCD9800653960 /* GoogleService-Info.plist */; };
		A25510B62B1DD80200653960 /* UpLoadStorage.swift in Sources */ = {isa = PBXBuildFile; fileRef = A25510B52B1DD80200653960 /* UpLoadStorage.swift */; };
		A25510B82B1F113300653960 /* FirebaseLoadManager.swift in Sources */ = {isa = PBXBuildFile; fileRef = A25510B72B1F113300653960 /* FirebaseLoadManager.swift */; };
		A25510C32B216DEA00653960 /* arrow.json in Sources */ = {isa = PBXBuildFile; fileRef = A25510C22B216D6300653960 /* arrow.json */; };
		A25510C52B21777200653960 /* arrow.json in Resources */ = {isa = PBXBuildFile; fileRef = A25510C22B216D6300653960 /* arrow.json */; };
		A25510C72B2198CA00653960 /* star.json in Resources */ = {isa = PBXBuildFile; fileRef = A25510C62B2198CA00653960 /* star.json */; };
		A25510CA2B219CCE00653960 /* rocketDog.json in Resources */ = {isa = PBXBuildFile; fileRef = A25510C92B219CCE00653960 /* rocketDog.json */; };
		A25510CC2B219FDC00653960 /* loading.json in Resources */ = {isa = PBXBuildFile; fileRef = A25510CB2B219FDC00653960 /* loading.json */; };
		A25510D22B21A22F00653960 /* spark.json in Resources */ = {isa = PBXBuildFile; fileRef = A25510D12B21A22F00653960 /* spark.json */; };
		A25510D42B21A46900653960 /* cat.json in Resources */ = {isa = PBXBuildFile; fileRef = A25510D32B21A46900653960 /* cat.json */; };
		A25D280A2B0B054800857B98 /* MyCollectionViewController.swift in Sources */ = {isa = PBXBuildFile; fileRef = A25D28092B0B054700857B98 /* MyCollectionViewController.swift */; };
		A25D280C2B0B079000857B98 /* MyCollectionViewCell.swift in Sources */ = {isa = PBXBuildFile; fileRef = A25D280B2B0B079000857B98 /* MyCollectionViewCell.swift */; };
		A25D280E2B0B5F6C00857B98 /* HotViewController.swift in Sources */ = {isa = PBXBuildFile; fileRef = A25D280D2B0B5F6C00857B98 /* HotViewController.swift */; };
		A25D28102B0C467E00857B98 /* HotAPIstruct.swift in Sources */ = {isa = PBXBuildFile; fileRef = A25D280F2B0C467E00857B98 /* HotAPIstruct.swift */; };
		A25D28122B0C49B500857B98 /* HotTableViewCell.swift in Sources */ = {isa = PBXBuildFile; fileRef = A25D28112B0C49B500857B98 /* HotTableViewCell.swift */; };
		A25D28142B0C4FF100857B98 /* HotCollectionViewCell.swift in Sources */ = {isa = PBXBuildFile; fileRef = A25D28132B0C4FF100857B98 /* HotCollectionViewCell.swift */; };
		A25D281A2B0DCCC400857B98 /* SearchViewController.swift in Sources */ = {isa = PBXBuildFile; fileRef = A25D28192B0DCCC400857B98 /* SearchViewController.swift */; };
		A25D281C2B0F450100857B98 /* FavoritesManager.swift in Sources */ = {isa = PBXBuildFile; fileRef = A25D281B2B0F450100857B98 /* FavoritesManager.swift */; };
/* End PBXBuildFile section */

/* Begin PBXFileReference section */
		5C0320339D951FE0DE372F72 /* Pods-SOMEME.debug.xcconfig */ = {isa = PBXFileReference; includeInIndex = 1; lastKnownFileType = text.xcconfig; name = "Pods-SOMEME.debug.xcconfig"; path = "Target Support Files/Pods-SOMEME/Pods-SOMEME.debug.xcconfig"; sourceTree = "<group>"; };
		8E645B95306CE52706BF4A31 /* Pods_SOMEME.framework */ = {isa = PBXFileReference; explicitFileType = wrapper.framework; includeInIndex = 0; path = Pods_SOMEME.framework; sourceTree = BUILT_PRODUCTS_DIR; };
		A22BE33C2B05E6AD0098B6A9 /* SOMEME.app */ = {isa = PBXFileReference; explicitFileType = wrapper.application; includeInIndex = 0; path = SOMEME.app; sourceTree = BUILT_PRODUCTS_DIR; };
		A22BE33F2B05E6AD0098B6A9 /* AppDelegate.swift */ = {isa = PBXFileReference; lastKnownFileType = sourcecode.swift; path = AppDelegate.swift; sourceTree = "<group>"; };
		A22BE3412B05E6AD0098B6A9 /* SceneDelegate.swift */ = {isa = PBXFileReference; lastKnownFileType = sourcecode.swift; path = SceneDelegate.swift; sourceTree = "<group>"; };
		A22BE3462B05E6AD0098B6A9 /* Base */ = {isa = PBXFileReference; lastKnownFileType = file.storyboard; name = Base; path = Base.lproj/Main.storyboard; sourceTree = "<group>"; };
		A22BE3492B05E6AD0098B6A9 /* SOMEME.xcdatamodel */ = {isa = PBXFileReference; lastKnownFileType = wrapper.xcdatamodel; path = SOMEME.xcdatamodel; sourceTree = "<group>"; };
		A22BE34B2B05E6AE0098B6A9 /* Assets.xcassets */ = {isa = PBXFileReference; lastKnownFileType = folder.assetcatalog; path = Assets.xcassets; sourceTree = "<group>"; };
		A22BE34E2B05E6AE0098B6A9 /* Base */ = {isa = PBXFileReference; lastKnownFileType = file.storyboard; name = Base; path = Base.lproj/LaunchScreen.storyboard; sourceTree = "<group>"; };
		A22BE3502B05E6AE0098B6A9 /* Info.plist */ = {isa = PBXFileReference; lastKnownFileType = text.plist.xml; path = Info.plist; sourceTree = "<group>"; };
		A22BE3572B05EEDE0098B6A9 /* PhotoEditViewController.swift */ = {isa = PBXFileReference; lastKnownFileType = sourcecode.swift; path = PhotoEditViewController.swift; sourceTree = "<group>"; };
		A22BE3592B05EF360098B6A9 /* Mamelon.otf */ = {isa = PBXFileReference; lastKnownFileType = file; path = Mamelon.otf; sourceTree = "<group>"; };
		A22BE35C2B0601800098B6A9 /* EditingViewController.swift */ = {isa = PBXFileReference; lastKnownFileType = sourcecode.swift; path = EditingViewController.swift; sourceTree = "<group>"; };
		A22BE35E2B0610450098B6A9 /* MemeLoadStruct.swift */ = {isa = PBXFileReference; lastKnownFileType = sourcecode.swift; path = MemeLoadStruct.swift; sourceTree = "<group>"; };
		A22BE3602B06117E0098B6A9 /* EditingCollectionViewCell.swift */ = {isa = PBXFileReference; lastKnownFileType = sourcecode.swift; path = EditingCollectionViewCell.swift; sourceTree = "<group>"; };
		A23953382B158CE900E57326 /* SearchManager.swift */ = {isa = PBXFileReference; lastKnownFileType = sourcecode.swift; path = SearchManager.swift; sourceTree = "<group>"; };
		A24366B62B1498BF00FED5DD /* SearchCollectionViewCell.swift */ = {isa = PBXFileReference; lastKnownFileType = sourcecode.swift; path = SearchCollectionViewCell.swift; sourceTree = "<group>"; };
		A24443C82B18613C00A5B56D /* DoodleView.swift */ = {isa = PBXFileReference; lastKnownFileType = sourcecode.swift; path = DoodleView.swift; sourceTree = "<group>"; };
		A24443CA2B19C43300A5B56D /* RemoveBGManager.swift */ = {isa = PBXFileReference; lastKnownFileType = sourcecode.swift; path = RemoveBGManager.swift; sourceTree = "<group>"; };
		A24443CC2B1C874700A5B56D /* DeepLabV3.mlmodel */ = {isa = PBXFileReference; lastKnownFileType = file.mlmodel; path = DeepLabV3.mlmodel; sourceTree = "<group>"; };
		A255108A2B1DA84300653960 /* Array+Extensions.swift */ = {isa = PBXFileReference; fileEncoding = 4; lastKnownFileType = sourcecode.swift; path = "Array+Extensions.swift"; sourceTree = "<group>"; };
		A255108B2B1DA84300653960 /* Math.swift */ = {isa = PBXFileReference; fileEncoding = 4; lastKnownFileType = sourcecode.swift; path = Math.swift; sourceTree = "<group>"; };
		A255108C2B1DA84300653960 /* UIImage+CVPixelBuffer.swift */ = {isa = PBXFileReference; fileEncoding = 4; lastKnownFileType = sourcecode.swift; path = "UIImage+CVPixelBuffer.swift"; sourceTree = "<group>"; };
		A255108D2B1DA84300653960 /* Predictions.swift */ = {isa = PBXFileReference; fileEncoding = 4; lastKnownFileType = sourcecode.swift; path = Predictions.swift; sourceTree = "<group>"; };
		A255108E2B1DA84300653960 /* UIImage+Extensions.swift */ = {isa = PBXFileReference; fileEncoding = 4; lastKnownFileType = sourcecode.swift; path = "UIImage+Extensions.swift"; sourceTree = "<group>"; };
		A255108F2B1DA84300653960 /* CGImagePropertyOrientation.swift */ = {isa = PBXFileReference; fileEncoding = 4; lastKnownFileType = sourcecode.swift; path = CGImagePropertyOrientation.swift; sourceTree = "<group>"; };
		A25510902B1DA84300653960 /* UIImage+RawBytes.swift */ = {isa = PBXFileReference; fileEncoding = 4; lastKnownFileType = sourcecode.swift; path = "UIImage+RawBytes.swift"; sourceTree = "<group>"; };
		A25510912B1DA84300653960 /* MLMultiArray+Helpers.swift */ = {isa = PBXFileReference; fileEncoding = 4; lastKnownFileType = sourcecode.swift; path = "MLMultiArray+Helpers.swift"; sourceTree = "<group>"; };
		A25510922B1DA84300653960 /* MLModel+Images.swift */ = {isa = PBXFileReference; fileEncoding = 4; lastKnownFileType = sourcecode.swift; path = "MLModel+Images.swift"; sourceTree = "<group>"; };
		A25510932B1DA84300653960 /* CoreML+Combine.swift */ = {isa = PBXFileReference; fileEncoding = 4; lastKnownFileType = sourcecode.swift; path = "CoreML+Combine.swift"; sourceTree = "<group>"; };
		A25510942B1DA84300653960 /* CVPixelBuffer+Create.swift */ = {isa = PBXFileReference; fileEncoding = 4; lastKnownFileType = sourcecode.swift; path = "CVPixelBuffer+Create.swift"; sourceTree = "<group>"; };
		A25510952B1DA84300653960 /* CGImage+CVPixelBuffer.swift */ = {isa = PBXFileReference; fileEncoding = 4; lastKnownFileType = sourcecode.swift; path = "CGImage+CVPixelBuffer.swift"; sourceTree = "<group>"; };
		A25510962B1DA84300653960 /* NonMaxSuppression.swift */ = {isa = PBXFileReference; fileEncoding = 4; lastKnownFileType = sourcecode.swift; path = NonMaxSuppression.swift; sourceTree = "<group>"; };
		A25510972B1DA84300653960 /* CGImage+RawBytes.swift */ = {isa = PBXFileReference; fileEncoding = 4; lastKnownFileType = sourcecode.swift; path = "CGImage+RawBytes.swift"; sourceTree = "<group>"; };
		A25510982B1DA84300653960 /* MLMultiArray+Image.swift */ = {isa = PBXFileReference; fileEncoding = 4; lastKnownFileType = sourcecode.swift; path = "MLMultiArray+Image.swift"; sourceTree = "<group>"; };
		A25510992B1DA84300653960 /* CVPixelBuffer+Resize.swift */ = {isa = PBXFileReference; fileEncoding = 4; lastKnownFileType = sourcecode.swift; path = "CVPixelBuffer+Resize.swift"; sourceTree = "<group>"; };
		A255109A2B1DA84300653960 /* CVPixelBuffer+Rotate.swift */ = {isa = PBXFileReference; fileEncoding = 4; lastKnownFileType = sourcecode.swift; path = "CVPixelBuffer+Rotate.swift"; sourceTree = "<group>"; };
		A25510AC2B1DAE4900653960 /* MaterialCreaterViewController.swift */ = {isa = PBXFileReference; lastKnownFileType = sourcecode.swift; path = MaterialCreaterViewController.swift; sourceTree = "<group>"; };
		A25510B32B1DCD9800653960 /* GoogleService-Info.plist */ = {isa = PBXFileReference; fileEncoding = 4; lastKnownFileType = text.plist.xml; path = "GoogleService-Info.plist"; sourceTree = "<group>"; };
		A25510B52B1DD80200653960 /* UpLoadStorage.swift */ = {isa = PBXFileReference; lastKnownFileType = sourcecode.swift; path = UpLoadStorage.swift; sourceTree = "<group>"; };
		A25510B72B1F113300653960 /* FirebaseLoadManager.swift */ = {isa = PBXFileReference; lastKnownFileType = sourcecode.swift; path = FirebaseLoadManager.swift; sourceTree = "<group>"; };
		A25510C22B216D6300653960 /* arrow.json */ = {isa = PBXFileReference; fileEncoding = 4; lastKnownFileType = text.json; path = arrow.json; sourceTree = "<group>"; };
		A25510C62B2198CA00653960 /* star.json */ = {isa = PBXFileReference; fileEncoding = 4; lastKnownFileType = text.json; path = star.json; sourceTree = "<group>"; };
		A25510C92B219CCE00653960 /* rocketDog.json */ = {isa = PBXFileReference; fileEncoding = 4; lastKnownFileType = text.json; path = rocketDog.json; sourceTree = "<group>"; };
		A25510CB2B219FDC00653960 /* loading.json */ = {isa = PBXFileReference; fileEncoding = 4; lastKnownFileType = text.json; path = loading.json; sourceTree = "<group>"; };
		A25510D12B21A22F00653960 /* spark.json */ = {isa = PBXFileReference; fileEncoding = 4; lastKnownFileType = text.json; path = spark.json; sourceTree = "<group>"; };
		A25510D32B21A46900653960 /* cat.json */ = {isa = PBXFileReference; fileEncoding = 4; lastKnownFileType = text.json; path = cat.json; sourceTree = "<group>"; };
		A25D28092B0B054700857B98 /* MyCollectionViewController.swift */ = {isa = PBXFileReference; lastKnownFileType = sourcecode.swift; path = MyCollectionViewController.swift; sourceTree = "<group>"; };
		A25D280B2B0B079000857B98 /* MyCollectionViewCell.swift */ = {isa = PBXFileReference; lastKnownFileType = sourcecode.swift; path = MyCollectionViewCell.swift; sourceTree = "<group>"; };
		A25D280D2B0B5F6C00857B98 /* HotViewController.swift */ = {isa = PBXFileReference; lastKnownFileType = sourcecode.swift; path = HotViewController.swift; sourceTree = "<group>"; };
		A25D280F2B0C467E00857B98 /* HotAPIstruct.swift */ = {isa = PBXFileReference; lastKnownFileType = sourcecode.swift; path = HotAPIstruct.swift; sourceTree = "<group>"; };
		A25D28112B0C49B500857B98 /* HotTableViewCell.swift */ = {isa = PBXFileReference; lastKnownFileType = sourcecode.swift; path = HotTableViewCell.swift; sourceTree = "<group>"; };
		A25D28132B0C4FF100857B98 /* HotCollectionViewCell.swift */ = {isa = PBXFileReference; lastKnownFileType = sourcecode.swift; path = HotCollectionViewCell.swift; sourceTree = "<group>"; };
		A25D28192B0DCCC400857B98 /* SearchViewController.swift */ = {isa = PBXFileReference; lastKnownFileType = sourcecode.swift; path = SearchViewController.swift; sourceTree = "<group>"; };
		A25D281B2B0F450100857B98 /* FavoritesManager.swift */ = {isa = PBXFileReference; lastKnownFileType = sourcecode.swift; path = FavoritesManager.swift; sourceTree = "<group>"; };
		F697077F5B1E2154B80E409D /* Pods-SOMEME.release.xcconfig */ = {isa = PBXFileReference; includeInIndex = 1; lastKnownFileType = text.xcconfig; name = "Pods-SOMEME.release.xcconfig"; path = "Target Support Files/Pods-SOMEME/Pods-SOMEME.release.xcconfig"; sourceTree = "<group>"; };
/* End PBXFileReference section */

/* Begin PBXFrameworksBuildPhase section */
		A22BE3392B05E6AD0098B6A9 /* Frameworks */ = {
			isa = PBXFrameworksBuildPhase;
			buildActionMask = 2147483647;
			files = (
				3A644884968E29967AD43A1D /* Pods_SOMEME.framework in Frameworks */,
			);
			runOnlyForDeploymentPostprocessing = 0;
		};
/* End PBXFrameworksBuildPhase section */

/* Begin PBXGroup section */
		187BA0E91BD0EE225EC13A45 /* Pods */ = {
			isa = PBXGroup;
			children = (
				5C0320339D951FE0DE372F72 /* Pods-SOMEME.debug.xcconfig */,
				F697077F5B1E2154B80E409D /* Pods-SOMEME.release.xcconfig */,
			);
			path = Pods;
			sourceTree = "<group>";
		};
		8217002199BC11A35A10053F /* Frameworks */ = {
			isa = PBXGroup;
			children = (
				8E645B95306CE52706BF4A31 /* Pods_SOMEME.framework */,
			);
			name = Frameworks;
			sourceTree = "<group>";
		};
		A22BE3332B05E6AD0098B6A9 = {
			isa = PBXGroup;
			children = (
				A22BE33E2B05E6AD0098B6A9 /* SOMEME */,
				A22BE33D2B05E6AD0098B6A9 /* Products */,
				187BA0E91BD0EE225EC13A45 /* Pods */,
				8217002199BC11A35A10053F /* Frameworks */,
			);
			sourceTree = "<group>";
		};
		A22BE33D2B05E6AD0098B6A9 /* Products */ = {
			isa = PBXGroup;
			children = (
				A22BE33C2B05E6AD0098B6A9 /* SOMEME.app */,
			);
			name = Products;
			sourceTree = "<group>";
		};
		A22BE33E2B05E6AD0098B6A9 /* SOMEME */ = {
			isa = PBXGroup;
			children = (
				A22BE33F2B05E6AD0098B6A9 /* AppDelegate.swift */,
				A22BE3412B05E6AD0098B6A9 /* SceneDelegate.swift */,
				A22BE3452B05E6AD0098B6A9 /* Main.storyboard */,
				A25510BB2B21635D00653960 /* Struct */,
				A25510BC2B21637D00653960 /* Managers */,
				A25510C82B219C5900653960 /* Lottie */,
				A22BE3572B05EEDE0098B6A9 /* PhotoEditViewController.swift */,
				A24443C82B18613C00A5B56D /* DoodleView.swift */,
				A22BE35C2B0601800098B6A9 /* EditingViewController.swift */,
				A22BE3602B06117E0098B6A9 /* EditingCollectionViewCell.swift */,
				A25D28092B0B054700857B98 /* MyCollectionViewController.swift */,
				A25D280B2B0B079000857B98 /* MyCollectionViewCell.swift */,
				A25D280D2B0B5F6C00857B98 /* HotViewController.swift */,
				A25D28132B0C4FF100857B98 /* HotCollectionViewCell.swift */,
				A25D28112B0C49B500857B98 /* HotTableViewCell.swift */,
				A25D28192B0DCCC400857B98 /* SearchViewController.swift */,
				A24366B62B1498BF00FED5DD /* SearchCollectionViewCell.swift */,
				A25510AC2B1DAE4900653960 /* MaterialCreaterViewController.swift */,
				A22BE34D2B05E6AE0098B6A9 /* LaunchScreen.storyboard */,
				A25510B32B1DCD9800653960 /* GoogleService-Info.plist */,
				A24443CC2B1C874700A5B56D /* DeepLabV3.mlmodel */,
				A22BE3592B05EF360098B6A9 /* Mamelon.otf */,
				A22BE34B2B05E6AE0098B6A9 /* Assets.xcassets */,
				A22BE3502B05E6AE0098B6A9 /* Info.plist */,
				A22BE3482B05E6AD0098B6A9 /* SOMEME.xcdatamodeld */,
				A25510892B1DA84300653960 /* CoreMLHelpers copy */,
			);
			path = SOMEME;
			sourceTree = "<group>";
		};
		A25510892B1DA84300653960 /* CoreMLHelpers copy */ = {
			isa = PBXGroup;
			children = (
				A255108A2B1DA84300653960 /* Array+Extensions.swift */,
				A255108B2B1DA84300653960 /* Math.swift */,
				A255108C2B1DA84300653960 /* UIImage+CVPixelBuffer.swift */,
				A255108D2B1DA84300653960 /* Predictions.swift */,
				A255108E2B1DA84300653960 /* UIImage+Extensions.swift */,
				A255108F2B1DA84300653960 /* CGImagePropertyOrientation.swift */,
				A25510902B1DA84300653960 /* UIImage+RawBytes.swift */,
				A25510912B1DA84300653960 /* MLMultiArray+Helpers.swift */,
				A25510922B1DA84300653960 /* MLModel+Images.swift */,
				A25510932B1DA84300653960 /* CoreML+Combine.swift */,
				A25510942B1DA84300653960 /* CVPixelBuffer+Create.swift */,
				A25510952B1DA84300653960 /* CGImage+CVPixelBuffer.swift */,
				A25510962B1DA84300653960 /* NonMaxSuppression.swift */,
				A25510972B1DA84300653960 /* CGImage+RawBytes.swift */,
				A25510982B1DA84300653960 /* MLMultiArray+Image.swift */,
				A25510992B1DA84300653960 /* CVPixelBuffer+Resize.swift */,
				A255109A2B1DA84300653960 /* CVPixelBuffer+Rotate.swift */,
			);
			name = "CoreMLHelpers copy";
			path = "../../../Downloads/super-eureka-main/BackgroundErase/CoreMLHelpers copy";
			sourceTree = "<group>";
		};
		A25510BB2B21635D00653960 /* Struct */ = {
			isa = PBXGroup;
			children = (
				A25D280F2B0C467E00857B98 /* HotAPIstruct.swift */,
				A22BE35E2B0610450098B6A9 /* MemeLoadStruct.swift */,
			);
			path = Struct;
			sourceTree = "<group>";
		};
		A25510BC2B21637D00653960 /* Managers */ = {
			isa = PBXGroup;
			children = (
				A25D281B2B0F450100857B98 /* FavoritesManager.swift */,
				A23953382B158CE900E57326 /* SearchManager.swift */,
				A24443CA2B19C43300A5B56D /* RemoveBGManager.swift */,
				A25510B72B1F113300653960 /* FirebaseLoadManager.swift */,
				A25510B52B1DD80200653960 /* UpLoadStorage.swift */,
			);
			path = Managers;
			sourceTree = "<group>";
		};
		A25510C82B219C5900653960 /* Lottie */ = {
			isa = PBXGroup;
			children = (
				A25510C62B2198CA00653960 /* star.json */,
				A25510C92B219CCE00653960 /* rocketDog.json */,
				A25510CB2B219FDC00653960 /* loading.json */,
				A25510D12B21A22F00653960 /* spark.json */,
				A25510D32B21A46900653960 /* cat.json */,
				A25510C22B216D6300653960 /* arrow.json */,
			);
			path = Lottie;
			sourceTree = "<group>";
		};
/* End PBXGroup section */

/* Begin PBXNativeTarget section */
		A22BE33B2B05E6AD0098B6A9 /* SOMEME */ = {
			isa = PBXNativeTarget;
			buildConfigurationList = A22BE3532B05E6AE0098B6A9 /* Build configuration list for PBXNativeTarget "SOMEME" */;
			buildPhases = (
				1CC9EB404F2E6A1B2BAE5FEB /* [CP] Check Pods Manifest.lock */,
				A22BE3382B05E6AD0098B6A9 /* Sources */,
				A22BE3392B05E6AD0098B6A9 /* Frameworks */,
				A25510C42B21774E00653960 /* Resources */,
				61950396820F6917BE611BF8 /* [CP] Embed Pods Frameworks */,
				A22BE3562B05E7BD0098B6A9 /* ShellScript */,
			);
			buildRules = (
			);
			dependencies = (
			);
			name = SOMEME;
			productName = SOMEME;
			productReference = A22BE33C2B05E6AD0098B6A9 /* SOMEME.app */;
			productType = "com.apple.product-type.application";
		};
/* End PBXNativeTarget section */

/* Begin PBXProject section */
		A22BE3342B05E6AD0098B6A9 /* Project object */ = {
			isa = PBXProject;
			attributes = {
				BuildIndependentTargetsInParallel = 1;
				LastSwiftUpdateCheck = 1500;
				LastUpgradeCheck = 1500;
				TargetAttributes = {
					A22BE33B2B05E6AD0098B6A9 = {
						CreatedOnToolsVersion = 15.0;
					};
				};
			};
			buildConfigurationList = A22BE3372B05E6AD0098B6A9 /* Build configuration list for PBXProject "SOMEME" */;
			compatibilityVersion = "Xcode 14.0";
			developmentRegion = en;
			hasScannedForEncodings = 0;
			knownRegions = (
				en,
				Base,
			);
			mainGroup = A22BE3332B05E6AD0098B6A9;
			productRefGroup = A22BE33D2B05E6AD0098B6A9 /* Products */;
			projectDirPath = "";
			projectRoot = "";
			targets = (
				A22BE33B2B05E6AD0098B6A9 /* SOMEME */,
			);
		};
/* End PBXProject section */

/* Begin PBXResourcesBuildPhase section */
		A25510C42B21774E00653960 /* Resources */ = {
			isa = PBXResourcesBuildPhase;
			buildActionMask = 2147483647;
			files = (
				A25510D22B21A22F00653960 /* spark.json in Resources */,
				A25510C52B21777200653960 /* arrow.json in Resources */,
				A25510D42B21A46900653960 /* cat.json in Resources */,
				A25510C72B2198CA00653960 /* star.json in Resources */,
				A25510CC2B219FDC00653960 /* loading.json in Resources */,
				A25510CA2B219CCE00653960 /* rocketDog.json in Resources */,
			);
			runOnlyForDeploymentPostprocessing = 0;
		};
/* End PBXResourcesBuildPhase section */

/* Begin PBXShellScriptBuildPhase section */
		1CC9EB404F2E6A1B2BAE5FEB /* [CP] Check Pods Manifest.lock */ = {
			isa = PBXShellScriptBuildPhase;
			buildActionMask = 2147483647;
			files = (
			);
			inputFileListPaths = (
			);
			inputPaths = (
				"${PODS_PODFILE_DIR_PATH}/Podfile.lock",
				"${PODS_ROOT}/Manifest.lock",
			);
			name = "[CP] Check Pods Manifest.lock";
			outputFileListPaths = (
			);
			outputPaths = (
				"$(DERIVED_FILE_DIR)/Pods-SOMEME-checkManifestLockResult.txt",
			);
			runOnlyForDeploymentPostprocessing = 0;
			shellPath = /bin/sh;
			shellScript = "diff \"${PODS_PODFILE_DIR_PATH}/Podfile.lock\" \"${PODS_ROOT}/Manifest.lock\" > /dev/null\nif [ $? != 0 ] ; then\n    # print error to STDERR\n    echo \"error: The sandbox is not in sync with the Podfile.lock. Run 'pod install' or update your CocoaPods installation.\" >&2\n    exit 1\nfi\n# This output is used by Xcode 'outputs' to avoid re-running this script phase.\necho \"SUCCESS\" > \"${SCRIPT_OUTPUT_FILE_0}\"\n";
			showEnvVarsInLog = 0;
		};
		61950396820F6917BE611BF8 /* [CP] Embed Pods Frameworks */ = {
			isa = PBXShellScriptBuildPhase;
			buildActionMask = 2147483647;
			files = (
			);
			inputFileListPaths = (
				"${PODS_ROOT}/Target Support Files/Pods-SOMEME/Pods-SOMEME-frameworks-${CONFIGURATION}-input-files.xcfilelist",
			);
			name = "[CP] Embed Pods Frameworks";
			outputFileListPaths = (
				"${PODS_ROOT}/Target Support Files/Pods-SOMEME/Pods-SOMEME-frameworks-${CONFIGURATION}-output-files.xcfilelist",
			);
			runOnlyForDeploymentPostprocessing = 0;
			shellPath = /bin/sh;
			shellScript = "\"${PODS_ROOT}/Target Support Files/Pods-SOMEME/Pods-SOMEME-frameworks.sh\"\n";
			showEnvVarsInLog = 0;
		};
		A22BE3562B05E7BD0098B6A9 /* ShellScript */ = {
			isa = PBXShellScriptBuildPhase;
			buildActionMask = 2147483647;
			files = (
			);
			inputFileListPaths = (
			);
			inputPaths = (
			);
			outputFileListPaths = (
			);
			outputPaths = (
			);
			runOnlyForDeploymentPostprocessing = 0;
			shellPath = /bin/sh;
			shellScript = "# Type a script or drag a script file from your workspace to insert its path.\n\"${PODS_ROOT}/SwiftLint/swiftlint\"\n";
		};
/* End PBXShellScriptBuildPhase section */

/* Begin PBXSourcesBuildPhase section */
		A22BE3382B05E6AD0098B6A9 /* Sources */ = {
			isa = PBXSourcesBuildPhase;
			buildActionMask = 2147483647;
			files = (
				A25510C32B216DEA00653960 /* arrow.json in Sources */,
				A25510B42B1DCF3200653960 /* GoogleService-Info.plist in Sources */,
				A25510B02B1DC64800653960 /* LaunchScreen.storyboard in Sources */,
				A25510B82B1F113300653960 /* FirebaseLoadManager.swift in Sources */,
				A25510AF2B1DC5E100653960 /* Mamelon.otf in Sources */,
				A25510AE2B1DC57900653960 /* Assets.xcassets in Sources */,
				A255101D2B1D981E00653960 /* Main.storyboard in Sources */,
				A25D280E2B0B5F6C00857B98 /* HotViewController.swift in Sources */,
				A24443C92B18613C00A5B56D /* DoodleView.swift in Sources */,
				A23953392B158CE900E57326 /* SearchManager.swift in Sources */,
				A24443CD2B1C874700A5B56D /* DeepLabV3.mlmodel in Sources */,
				A25D281C2B0F450100857B98 /* FavoritesManager.swift in Sources */,
				A25510A02B1DA84300653960 /* CGImagePropertyOrientation.swift in Sources */,
				A25D280A2B0B054800857B98 /* MyCollectionViewController.swift in Sources */,
				A25510A72B1DA84300653960 /* NonMaxSuppression.swift in Sources */,
				A22BE34A2B05E6AD0098B6A9 /* SOMEME.xcdatamodeld in Sources */,
				A25510A32B1DA84300653960 /* MLModel+Images.swift in Sources */,
				A25510AA2B1DA84300653960 /* CVPixelBuffer+Resize.swift in Sources */,
				A25D28122B0C49B500857B98 /* HotTableViewCell.swift in Sources */,
				A25510A62B1DA84300653960 /* CGImage+CVPixelBuffer.swift in Sources */,
				A25510AD2B1DAE4900653960 /* MaterialCreaterViewController.swift in Sources */,
				A25510A22B1DA84300653960 /* MLMultiArray+Helpers.swift in Sources */,
				A25510B62B1DD80200653960 /* UpLoadStorage.swift in Sources */,
				A25510A82B1DA84300653960 /* CGImage+RawBytes.swift in Sources */,
				A25D280C2B0B079000857B98 /* MyCollectionViewCell.swift in Sources */,
				A24366B72B1498BF00FED5DD /* SearchCollectionViewCell.swift in Sources */,
				A22BE3402B05E6AD0098B6A9 /* AppDelegate.swift in Sources */,
				A25D28102B0C467E00857B98 /* HotAPIstruct.swift in Sources */,
				A22BE35F2B0610450098B6A9 /* MemeLoadStruct.swift in Sources */,
				A25D281A2B0DCCC400857B98 /* SearchViewController.swift in Sources */,
				A22BE3422B05E6AD0098B6A9 /* SceneDelegate.swift in Sources */,
				A25510A12B1DA84300653960 /* UIImage+RawBytes.swift in Sources */,
				A25510A52B1DA84300653960 /* CVPixelBuffer+Create.swift in Sources */,
				A255109B2B1DA84300653960 /* Array+Extensions.swift in Sources */,
				A255109E2B1DA84300653960 /* Predictions.swift in Sources */,
				A22BE3612B06117E0098B6A9 /* EditingCollectionViewCell.swift in Sources */,
				A25510AB2B1DA84300653960 /* CVPixelBuffer+Rotate.swift in Sources */,
				A22BE35D2B0601800098B6A9 /* EditingViewController.swift in Sources */,
				A25510A42B1DA84300653960 /* CoreML+Combine.swift in Sources */,
				A25510A92B1DA84300653960 /* MLMultiArray+Image.swift in Sources */,
				A24443CB2B19C43300A5B56D /* RemoveBGManager.swift in Sources */,
				A25D28142B0C4FF100857B98 /* HotCollectionViewCell.swift in Sources */,
				A255109D2B1DA84300653960 /* UIImage+CVPixelBuffer.swift in Sources */,
				A255109F2B1DA84300653960 /* UIImage+Extensions.swift in Sources */,
				A22BE3582B05EEDE0098B6A9 /* PhotoEditViewController.swift in Sources */,
				A255109C2B1DA84300653960 /* Math.swift in Sources */,
			);
			runOnlyForDeploymentPostprocessing = 0;
		};
/* End PBXSourcesBuildPhase section */

/* Begin PBXVariantGroup section */
		A22BE3452B05E6AD0098B6A9 /* Main.storyboard */ = {
			isa = PBXVariantGroup;
			children = (
				A22BE3462B05E6AD0098B6A9 /* Base */,
			);
			name = Main.storyboard;
			sourceTree = "<group>";
		};
		A22BE34D2B05E6AE0098B6A9 /* LaunchScreen.storyboard */ = {
			isa = PBXVariantGroup;
			children = (
				A22BE34E2B05E6AE0098B6A9 /* Base */,
			);
			name = LaunchScreen.storyboard;
			sourceTree = "<group>";
		};
/* End PBXVariantGroup section */

/* Begin XCBuildConfiguration section */
		A22BE3512B05E6AE0098B6A9 /* Debug */ = {
			isa = XCBuildConfiguration;
			buildSettings = {
				ALWAYS_SEARCH_USER_PATHS = NO;
				ASSETCATALOG_COMPILER_GENERATE_SWIFT_ASSET_SYMBOL_EXTENSIONS = YES;
				CLANG_ANALYZER_NONNULL = YES;
				CLANG_ANALYZER_NUMBER_OBJECT_CONVERSION = YES_AGGRESSIVE;
				CLANG_CXX_LANGUAGE_STANDARD = "gnu++20";
				CLANG_ENABLE_MODULES = YES;
				CLANG_ENABLE_OBJC_ARC = YES;
				CLANG_ENABLE_OBJC_WEAK = YES;
				CLANG_WARN_BLOCK_CAPTURE_AUTORELEASING = YES;
				CLANG_WARN_BOOL_CONVERSION = YES;
				CLANG_WARN_COMMA = YES;
				CLANG_WARN_CONSTANT_CONVERSION = YES;
				CLANG_WARN_DEPRECATED_OBJC_IMPLEMENTATIONS = YES;
				CLANG_WARN_DIRECT_OBJC_ISA_USAGE = YES_ERROR;
				CLANG_WARN_DOCUMENTATION_COMMENTS = YES;
				CLANG_WARN_EMPTY_BODY = YES;
				CLANG_WARN_ENUM_CONVERSION = YES;
				CLANG_WARN_INFINITE_RECURSION = YES;
				CLANG_WARN_INT_CONVERSION = YES;
				CLANG_WARN_NON_LITERAL_NULL_CONVERSION = YES;
				CLANG_WARN_OBJC_IMPLICIT_RETAIN_SELF = YES;
				CLANG_WARN_OBJC_LITERAL_CONVERSION = YES;
				CLANG_WARN_OBJC_ROOT_CLASS = YES_ERROR;
				CLANG_WARN_QUOTED_INCLUDE_IN_FRAMEWORK_HEADER = YES;
				CLANG_WARN_RANGE_LOOP_ANALYSIS = YES;
				CLANG_WARN_STRICT_PROTOTYPES = YES;
				CLANG_WARN_SUSPICIOUS_MOVE = YES;
				CLANG_WARN_UNGUARDED_AVAILABILITY = YES_AGGRESSIVE;
				CLANG_WARN_UNREACHABLE_CODE = YES;
				CLANG_WARN__DUPLICATE_METHOD_MATCH = YES;
				COPY_PHASE_STRIP = NO;
				DEBUG_INFORMATION_FORMAT = dwarf;
				ENABLE_STRICT_OBJC_MSGSEND = YES;
				ENABLE_TESTABILITY = YES;
				ENABLE_USER_SCRIPT_SANDBOXING = NO;
				GCC_C_LANGUAGE_STANDARD = gnu17;
				GCC_DYNAMIC_NO_PIC = NO;
				GCC_NO_COMMON_BLOCKS = YES;
				GCC_OPTIMIZATION_LEVEL = 0;
				GCC_PREPROCESSOR_DEFINITIONS = (
					"DEBUG=1",
					"$(inherited)",
				);
				GCC_WARN_64_TO_32_BIT_CONVERSION = YES;
				GCC_WARN_ABOUT_RETURN_TYPE = YES_ERROR;
				GCC_WARN_UNDECLARED_SELECTOR = YES;
				GCC_WARN_UNINITIALIZED_AUTOS = YES_AGGRESSIVE;
				GCC_WARN_UNUSED_FUNCTION = YES;
				GCC_WARN_UNUSED_VARIABLE = YES;
				IPHONEOS_DEPLOYMENT_TARGET = 16.0;
				LOCALIZATION_PREFERS_STRING_CATALOGS = YES;
				MTL_ENABLE_DEBUG_INFO = INCLUDE_SOURCE;
				MTL_FAST_MATH = YES;
				ONLY_ACTIVE_ARCH = YES;
				SDKROOT = iphoneos;
				SWIFT_ACTIVE_COMPILATION_CONDITIONS = "DEBUG $(inherited)";
				SWIFT_OPTIMIZATION_LEVEL = "-Onone";
			};
			name = Debug;
		};
		A22BE3522B05E6AE0098B6A9 /* Release */ = {
			isa = XCBuildConfiguration;
			buildSettings = {
				ALWAYS_SEARCH_USER_PATHS = NO;
				ASSETCATALOG_COMPILER_GENERATE_SWIFT_ASSET_SYMBOL_EXTENSIONS = YES;
				CLANG_ANALYZER_NONNULL = YES;
				CLANG_ANALYZER_NUMBER_OBJECT_CONVERSION = YES_AGGRESSIVE;
				CLANG_CXX_LANGUAGE_STANDARD = "gnu++20";
				CLANG_ENABLE_MODULES = YES;
				CLANG_ENABLE_OBJC_ARC = YES;
				CLANG_ENABLE_OBJC_WEAK = YES;
				CLANG_WARN_BLOCK_CAPTURE_AUTORELEASING = YES;
				CLANG_WARN_BOOL_CONVERSION = YES;
				CLANG_WARN_COMMA = YES;
				CLANG_WARN_CONSTANT_CONVERSION = YES;
				CLANG_WARN_DEPRECATED_OBJC_IMPLEMENTATIONS = YES;
				CLANG_WARN_DIRECT_OBJC_ISA_USAGE = YES_ERROR;
				CLANG_WARN_DOCUMENTATION_COMMENTS = YES;
				CLANG_WARN_EMPTY_BODY = YES;
				CLANG_WARN_ENUM_CONVERSION = YES;
				CLANG_WARN_INFINITE_RECURSION = YES;
				CLANG_WARN_INT_CONVERSION = YES;
				CLANG_WARN_NON_LITERAL_NULL_CONVERSION = YES;
				CLANG_WARN_OBJC_IMPLICIT_RETAIN_SELF = YES;
				CLANG_WARN_OBJC_LITERAL_CONVERSION = YES;
				CLANG_WARN_OBJC_ROOT_CLASS = YES_ERROR;
				CLANG_WARN_QUOTED_INCLUDE_IN_FRAMEWORK_HEADER = YES;
				CLANG_WARN_RANGE_LOOP_ANALYSIS = YES;
				CLANG_WARN_STRICT_PROTOTYPES = YES;
				CLANG_WARN_SUSPICIOUS_MOVE = YES;
				CLANG_WARN_UNGUARDED_AVAILABILITY = YES_AGGRESSIVE;
				CLANG_WARN_UNREACHABLE_CODE = YES;
				CLANG_WARN__DUPLICATE_METHOD_MATCH = YES;
				COPY_PHASE_STRIP = NO;
				DEBUG_INFORMATION_FORMAT = "dwarf-with-dsym";
				ENABLE_NS_ASSERTIONS = NO;
				ENABLE_STRICT_OBJC_MSGSEND = YES;
				ENABLE_USER_SCRIPT_SANDBOXING = NO;
				GCC_C_LANGUAGE_STANDARD = gnu17;
				GCC_NO_COMMON_BLOCKS = YES;
				GCC_WARN_64_TO_32_BIT_CONVERSION = YES;
				GCC_WARN_ABOUT_RETURN_TYPE = YES_ERROR;
				GCC_WARN_UNDECLARED_SELECTOR = YES;
				GCC_WARN_UNINITIALIZED_AUTOS = YES_AGGRESSIVE;
				GCC_WARN_UNUSED_FUNCTION = YES;
				GCC_WARN_UNUSED_VARIABLE = YES;
				IPHONEOS_DEPLOYMENT_TARGET = 16.0;
				LOCALIZATION_PREFERS_STRING_CATALOGS = YES;
				MTL_ENABLE_DEBUG_INFO = NO;
				MTL_FAST_MATH = YES;
				SDKROOT = iphoneos;
				SWIFT_COMPILATION_MODE = wholemodule;
				VALIDATE_PRODUCT = YES;
			};
			name = Release;
		};
		A22BE3542B05E6AE0098B6A9 /* Debug */ = {
			isa = XCBuildConfiguration;
			baseConfigurationReference = 5C0320339D951FE0DE372F72 /* Pods-SOMEME.debug.xcconfig */;
			buildSettings = {
				ASSETCATALOG_COMPILER_APPICON_NAME = AppIcon;
				ASSETCATALOG_COMPILER_GLOBAL_ACCENT_COLOR_NAME = AccentColor;
				CODE_SIGN_STYLE = Automatic;
				CURRENT_PROJECT_VERSION = 1;
				DEVELOPMENT_TEAM = M4YMY53R7K;
				GENERATE_INFOPLIST_FILE = YES;
				INFOPLIST_FILE = SOMEME/Info.plist;
				INFOPLIST_KEY_LSApplicationCategoryType = "";
				INFOPLIST_KEY_NSPhotoLibraryAddUsageDescription = "允許app儲存圖片";
				INFOPLIST_KEY_UIApplicationSupportsIndirectInputEvents = YES;
				INFOPLIST_KEY_UILaunchStoryboardName = LaunchScreen;
				INFOPLIST_KEY_UIMainStoryboardFile = Main;
				INFOPLIST_KEY_UISupportedInterfaceOrientations_iPad = "UIInterfaceOrientationPortrait UIInterfaceOrientationPortraitUpsideDown UIInterfaceOrientationLandscapeLeft UIInterfaceOrientationLandscapeRight";
				INFOPLIST_KEY_UISupportedInterfaceOrientations_iPhone = "UIInterfaceOrientationPortrait UIInterfaceOrientationLandscapeLeft UIInterfaceOrientationLandscapeRight";
				IPHONEOS_DEPLOYMENT_TARGET = 16.0;
				LD_RUNPATH_SEARCH_PATHS = (
					"$(inherited)",
					"@executable_path/Frameworks",
				);
				MARKETING_VERSION = 1.0;
				PRODUCT_BUNDLE_IDENTIFIER = hydee.SOMEME;
				PRODUCT_NAME = "$(TARGET_NAME)";
				SWIFT_EMIT_LOC_STRINGS = YES;
				SWIFT_VERSION = 5.0;
				TARGETED_DEVICE_FAMILY = "1,2";
			};
			name = Debug;
		};
		A22BE3552B05E6AE0098B6A9 /* Release */ = {
			isa = XCBuildConfiguration;
			baseConfigurationReference = F697077F5B1E2154B80E409D /* Pods-SOMEME.release.xcconfig */;
			buildSettings = {
				ASSETCATALOG_COMPILER_APPICON_NAME = AppIcon;
				ASSETCATALOG_COMPILER_GLOBAL_ACCENT_COLOR_NAME = AccentColor;
				CODE_SIGN_STYLE = Automatic;
				CURRENT_PROJECT_VERSION = 1;
				DEVELOPMENT_TEAM = M4YMY53R7K;
				GENERATE_INFOPLIST_FILE = YES;
				INFOPLIST_FILE = SOMEME/Info.plist;
				INFOPLIST_KEY_LSApplicationCategoryType = "";
				INFOPLIST_KEY_NSPhotoLibraryAddUsageDescription = "允許app儲存圖片";
				INFOPLIST_KEY_UIApplicationSupportsIndirectInputEvents = YES;
				INFOPLIST_KEY_UILaunchStoryboardName = LaunchScreen;
				INFOPLIST_KEY_UIMainStoryboardFile = Main;
				INFOPLIST_KEY_UISupportedInterfaceOrientations_iPad = "UIInterfaceOrientationPortrait UIInterfaceOrientationPortraitUpsideDown UIInterfaceOrientationLandscapeLeft UIInterfaceOrientationLandscapeRight";
				INFOPLIST_KEY_UISupportedInterfaceOrientations_iPhone = "UIInterfaceOrientationPortrait UIInterfaceOrientationLandscapeLeft UIInterfaceOrientationLandscapeRight";
				IPHONEOS_DEPLOYMENT_TARGET = 16.0;
				LD_RUNPATH_SEARCH_PATHS = (
					"$(inherited)",
					"@executable_path/Frameworks",
				);
				MARKETING_VERSION = 1.0;
				PRODUCT_BUNDLE_IDENTIFIER = hydee.SOMEME;
				PRODUCT_NAME = "$(TARGET_NAME)";
				SWIFT_EMIT_LOC_STRINGS = YES;
				SWIFT_VERSION = 5.0;
				TARGETED_DEVICE_FAMILY = "1,2";
			};
			name = Release;
		};
/* End XCBuildConfiguration section */

/* Begin XCConfigurationList section */
		A22BE3372B05E6AD0098B6A9 /* Build configuration list for PBXProject "SOMEME" */ = {
			isa = XCConfigurationList;
			buildConfigurations = (
				A22BE3512B05E6AE0098B6A9 /* Debug */,
				A22BE3522B05E6AE0098B6A9 /* Release */,
			);
			defaultConfigurationIsVisible = 0;
			defaultConfigurationName = Release;
		};
		A22BE3532B05E6AE0098B6A9 /* Build configuration list for PBXNativeTarget "SOMEME" */ = {
			isa = XCConfigurationList;
			buildConfigurations = (
				A22BE3542B05E6AE0098B6A9 /* Debug */,
				A22BE3552B05E6AE0098B6A9 /* Release */,
			);
			defaultConfigurationIsVisible = 0;
			defaultConfigurationName = Release;
		};
/* End XCConfigurationList section */

/* Begin XCVersionGroup section */
		A22BE3482B05E6AD0098B6A9 /* SOMEME.xcdatamodeld */ = {
			isa = XCVersionGroup;
			children = (
				A22BE3492B05E6AD0098B6A9 /* SOMEME.xcdatamodel */,
			);
			currentVersion = A22BE3492B05E6AD0098B6A9 /* SOMEME.xcdatamodel */;
			path = SOMEME.xcdatamodeld;
			sourceTree = "<group>";
			versionGroupType = wrapper.xcdatamodel;
		};
/* End XCVersionGroup section */
	};
	rootObject = A22BE3342B05E6AD0098B6A9 /* Project object */;
}
